// !$*UTF8*$!
{
	archiveVersion = 1;
	classes = {
	};
	objectVersion = 56;
	objects = {

/* Begin PBXBuildFile section */
		A40BE0962B8393A800906441 /* PageLoadState.swift in Sources */ = {isa = PBXBuildFile; fileRef = A40BE0952B8393A800906441 /* PageLoadState.swift */; };
		A40BE0992B83946800906441 /* PageLoadStateTests.swift in Sources */ = {isa = PBXBuildFile; fileRef = A40BE0972B8393F500906441 /* PageLoadStateTests.swift */; };
		A40BE09B2B84B59F00906441 /* PipeablePage_WaitForURLTests.swift in Sources */ = {isa = PBXBuildFile; fileRef = A40BE09A2B84B59F00906441 /* PipeablePage_WaitForURLTests.swift */; };
		A40EAC692B6BC88B00A6B6B3 /* PipeableXCTestCase.swift in Sources */ = {isa = PBXBuildFile; fileRef = A40EAC682B6BC88B00A6B6B3 /* PipeableXCTestCase.swift */; };
		A40EAC6C2B6BD0A100A6B6B3 /* PipeablePage_GotoTests.swift in Sources */ = {isa = PBXBuildFile; fileRef = A40EAC6B2B6BD0A100A6B6B3 /* PipeablePage_GotoTests.swift */; };
		A41D866F2B73D47400F24064 /* PipeableElement_ClickTests.swift in Sources */ = {isa = PBXBuildFile; fileRef = A41D866E2B73D47400F24064 /* PipeableElement_ClickTests.swift */; };
		A434C6162B5964B300B8011C /* PipeablePage.swift in Sources */ = {isa = PBXBuildFile; fileRef = A434C6152B5964B300B8011C /* PipeablePage.swift */; };
		A43DC2952B8CD780005E416D /* ScriptContext.swift in Sources */ = {isa = PBXBuildFile; fileRef = A43DC2942B8CD780005E416D /* ScriptContext.swift */; };
		A43DC58A2B7277C100D0670B /* PipeableElement.swift in Sources */ = {isa = PBXBuildFile; fileRef = A43DC5892B7277C100D0670B /* PipeableElement.swift */; };
		A49B0A812B725F86005C1105 /* PageScript_QuerySelectorTests.swift in Sources */ = {isa = PBXBuildFile; fileRef = A49B0A802B725F86005C1105 /* PageScript_QuerySelectorTests.swift */; };
		A4A7A9262B56BD7500982E63 /* Pipeable.docc in Sources */ = {isa = PBXBuildFile; fileRef = A4A7A9252B56BD7500982E63 /* Pipeable.docc */; };
		A4A7A9312B56BD7500982E63 /* PipeableTests.swift in Sources */ = {isa = PBXBuildFile; fileRef = A4A7A9302B56BD7500982E63 /* PipeableTests.swift */; };
		A4A7A9322B56BD7500982E63 /* Pipeable.h in Headers */ = {isa = PBXBuildFile; fileRef = A4A7A9242B56BD7500982E63 /* Pipeable.h */; settings = {ATTRIBUTES = (Public, ); }; };
		A4C365FC2B62A3C5000D3F50 /* sophia.js in Resources */ = {isa = PBXBuildFile; fileRef = A4C365FB2B62A3C5000D3F50 /* sophia.js */; };
		A4DF83B52B8CD0B3000EFCEA /* PipeablePageDelegate.swift in Sources */ = {isa = PBXBuildFile; fileRef = A4DF83B42B8CD0B3000EFCEA /* PipeablePageDelegate.swift */; };
		E81BD5AA2B6D4233007DFC02 /* BaseWrapper.swift in Sources */ = {isa = PBXBuildFile; fileRef = E81BD5A92B6D4233007DFC02 /* BaseWrapper.swift */; };
		E81BD5AE2B6D430A007DFC02 /* PageWrapper.swift in Sources */ = {isa = PBXBuildFile; fileRef = E81BD5AD2B6D430A007DFC02 /* PageWrapper.swift */; };
		E81BD5B02B6D45B6007DFC02 /* ElementWrapper.swift in Sources */ = {isa = PBXBuildFile; fileRef = E81BD5AF2B6D45B6007DFC02 /* ElementWrapper.swift */; };
		E81BD5B42B6D4963007DFC02 /* PageScript_GotoTests.swift in Sources */ = {isa = PBXBuildFile; fileRef = E81BD5B32B6D4963007DFC02 /* PageScript_GotoTests.swift */; };
		E81BD5B62B6D5092007DFC02 /* Fakes.swift in Sources */ = {isa = PBXBuildFile; fileRef = E81BD5B52B6D5092007DFC02 /* Fakes.swift */; };
		E8AC39A52B615C1D00D413BF /* Script.swift in Sources */ = {isa = PBXBuildFile; fileRef = E8AC39A42B615C1D00D413BF /* Script.swift */; };
		E8C2784F2B8E0D9100B8B176 /* SerializeToDictionary.swift in Sources */ = {isa = PBXBuildFile; fileRef = E8C2784E2B8E0D9100B8B176 /* SerializeToDictionary.swift */; };
		E8F7B28E2B639E160040B77B /* ScriptTests.swift in Sources */ = {isa = PBXBuildFile; fileRef = E8F7B28C2B639E160040B77B /* ScriptTests.swift */; };
/* End PBXBuildFile section */

/* Begin PBXContainerItemProxy section */
		A4A7A92D2B56BD7500982E63 /* PBXContainerItemProxy */ = {
			isa = PBXContainerItemProxy;
			containerPortal = A4A7A9182B56BD7500982E63 /* Project object */;
			proxyType = 1;
			remoteGlobalIDString = A4A7A9202B56BD7500982E63;
			remoteInfo = Pipeable;
		};
/* End PBXContainerItemProxy section */

/* Begin PBXFileReference section */
		A40BE0952B8393A800906441 /* PageLoadState.swift */ = {isa = PBXFileReference; lastKnownFileType = sourcecode.swift; path = PageLoadState.swift; sourceTree = "<group>"; };
		A40BE0972B8393F500906441 /* PageLoadStateTests.swift */ = {isa = PBXFileReference; fileEncoding = 4; lastKnownFileType = sourcecode.swift; path = PageLoadStateTests.swift; sourceTree = "<group>"; };
		A40BE09A2B84B59F00906441 /* PipeablePage_WaitForURLTests.swift */ = {isa = PBXFileReference; fileEncoding = 4; lastKnownFileType = sourcecode.swift; path = PipeablePage_WaitForURLTests.swift; sourceTree = "<group>"; };
		A40EAC682B6BC88B00A6B6B3 /* PipeableXCTestCase.swift */ = {isa = PBXFileReference; lastKnownFileType = sourcecode.swift; path = PipeableXCTestCase.swift; sourceTree = "<group>"; };
		A40EAC6B2B6BD0A100A6B6B3 /* PipeablePage_GotoTests.swift */ = {isa = PBXFileReference; lastKnownFileType = sourcecode.swift; path = PipeablePage_GotoTests.swift; sourceTree = "<group>"; };
		A41D866E2B73D47400F24064 /* PipeableElement_ClickTests.swift */ = {isa = PBXFileReference; lastKnownFileType = sourcecode.swift; path = PipeableElement_ClickTests.swift; sourceTree = "<group>"; };
		A434C6152B5964B300B8011C /* PipeablePage.swift */ = {isa = PBXFileReference; lastKnownFileType = sourcecode.swift; path = PipeablePage.swift; sourceTree = "<group>"; };
		A43DC2942B8CD780005E416D /* ScriptContext.swift */ = {isa = PBXFileReference; fileEncoding = 4; lastKnownFileType = sourcecode.swift; path = ScriptContext.swift; sourceTree = "<group>"; };
		A43DC5892B7277C100D0670B /* PipeableElement.swift */ = {isa = PBXFileReference; fileEncoding = 4; lastKnownFileType = sourcecode.swift; path = PipeableElement.swift; sourceTree = "<group>"; };
		A450D1BB2B59750800079EAF /* Info.plist */ = {isa = PBXFileReference; lastKnownFileType = text.plist.xml; path = Info.plist; sourceTree = "<group>"; };
		A49B0A802B725F86005C1105 /* PageScript_QuerySelectorTests.swift */ = {isa = PBXFileReference; lastKnownFileType = sourcecode.swift; path = PageScript_QuerySelectorTests.swift; sourceTree = "<group>"; };
		A4A7A9212B56BD7500982E63 /* PipeableSDK.framework */ = {isa = PBXFileReference; explicitFileType = wrapper.framework; includeInIndex = 0; path = PipeableSDK.framework; sourceTree = BUILT_PRODUCTS_DIR; };
		A4A7A9242B56BD7500982E63 /* Pipeable.h */ = {isa = PBXFileReference; lastKnownFileType = sourcecode.c.h; path = Pipeable.h; sourceTree = "<group>"; };
		A4A7A9252B56BD7500982E63 /* Pipeable.docc */ = {isa = PBXFileReference; lastKnownFileType = folder.documentationcatalog; path = Pipeable.docc; sourceTree = "<group>"; };
		A4A7A92B2B56BD7500982E63 /* PipeableSDKTests.xctest */ = {isa = PBXFileReference; explicitFileType = wrapper.cfbundle; includeInIndex = 0; path = PipeableSDKTests.xctest; sourceTree = BUILT_PRODUCTS_DIR; };
		A4A7A9302B56BD7500982E63 /* PipeableTests.swift */ = {isa = PBXFileReference; lastKnownFileType = sourcecode.swift; path = PipeableTests.swift; sourceTree = "<group>"; };
		A4C365FB2B62A3C5000D3F50 /* sophia.js */ = {isa = PBXFileReference; fileEncoding = 4; lastKnownFileType = sourcecode.javascript; path = sophia.js; sourceTree = "<group>"; };
		A4DF83B42B8CD0B3000EFCEA /* PipeablePageDelegate.swift */ = {isa = PBXFileReference; lastKnownFileType = sourcecode.swift; path = PipeablePageDelegate.swift; sourceTree = "<group>"; };
		E81BD5A92B6D4233007DFC02 /* BaseWrapper.swift */ = {isa = PBXFileReference; lastKnownFileType = sourcecode.swift; path = BaseWrapper.swift; sourceTree = "<group>"; };
		E81BD5AD2B6D430A007DFC02 /* PageWrapper.swift */ = {isa = PBXFileReference; lastKnownFileType = sourcecode.swift; path = PageWrapper.swift; sourceTree = "<group>"; };
		E81BD5AF2B6D45B6007DFC02 /* ElementWrapper.swift */ = {isa = PBXFileReference; lastKnownFileType = sourcecode.swift; path = ElementWrapper.swift; sourceTree = "<group>"; };
		E81BD5B32B6D4963007DFC02 /* PageScript_GotoTests.swift */ = {isa = PBXFileReference; lastKnownFileType = sourcecode.swift; path = PageScript_GotoTests.swift; sourceTree = "<group>"; };
		E81BD5B52B6D5092007DFC02 /* Fakes.swift */ = {isa = PBXFileReference; lastKnownFileType = sourcecode.swift; path = Fakes.swift; sourceTree = "<group>"; };
		E8AC39A42B615C1D00D413BF /* Script.swift */ = {isa = PBXFileReference; lastKnownFileType = sourcecode.swift; path = Script.swift; sourceTree = "<group>"; };
		E8C2784E2B8E0D9100B8B176 /* SerializeToDictionary.swift */ = {isa = PBXFileReference; lastKnownFileType = sourcecode.swift; path = SerializeToDictionary.swift; sourceTree = "<group>"; };
		E8F7B28C2B639E160040B77B /* ScriptTests.swift */ = {isa = PBXFileReference; lastKnownFileType = sourcecode.swift; path = ScriptTests.swift; sourceTree = "<group>"; };
/* End PBXFileReference section */

/* Begin PBXFrameworksBuildPhase section */
		A4A7A91E2B56BD7500982E63 /* Frameworks */ = {
			isa = PBXFrameworksBuildPhase;
			buildActionMask = 2147483647;
			files = (
			);
			runOnlyForDeploymentPostprocessing = 0;
		};
		A4A7A9282B56BD7500982E63 /* Frameworks */ = {
			isa = PBXFrameworksBuildPhase;
			buildActionMask = 2147483647;
			files = (
			);
			runOnlyForDeploymentPostprocessing = 0;
		};
/* End PBXFrameworksBuildPhase section */

/* Begin PBXGroup section */
		A44C786F2B5EC2E20002B655 /* Framework */ = {
			isa = PBXGroup;
			children = (
				A4A7A9242B56BD7500982E63 /* Pipeable.h */,
				A450D1BB2B59750800079EAF /* Info.plist */,
			);
			path = Framework;
			sourceTree = "<group>";
		};
		A4A4FE252B62A3280094C7D0 /* Resources */ = {
			isa = PBXGroup;
			children = (
				A4C365FB2B62A3C5000D3F50 /* sophia.js */,
			);
			path = Resources;
			sourceTree = "<group>";
		};
		A4A7A9172B56BD7500982E63 = {
			isa = PBXGroup;
			children = (
				A44C786F2B5EC2E20002B655 /* Framework */,
				A4A7A9232B56BD7500982E63 /* Sources */,
				A4A7A92F2B56BD7500982E63 /* PipeableTests */,
				A4A7A9222B56BD7500982E63 /* Products */,
			);
			sourceTree = "<group>";
		};
		A4A7A9222B56BD7500982E63 /* Products */ = {
			isa = PBXGroup;
			children = (
				A4A7A9212B56BD7500982E63 /* PipeableSDK.framework */,
				A4A7A92B2B56BD7500982E63 /* PipeableSDKTests.xctest */,
			);
			name = Products;
			sourceTree = "<group>";
		};
		A4A7A9232B56BD7500982E63 /* Sources */ = {
			isa = PBXGroup;
			children = (
				A4E25B402B6698E400F3DFDE /* PipeableSDK */,
			);
			path = Sources;
			sourceTree = "<group>";
		};
		A4A7A92F2B56BD7500982E63 /* PipeableTests */ = {
			isa = PBXGroup;
			children = (
				A4A7A9302B56BD7500982E63 /* PipeableTests.swift */,
				A40BE0972B8393F500906441 /* PageLoadStateTests.swift */,
				E8F7B28C2B639E160040B77B /* ScriptTests.swift */,
				A40EAC682B6BC88B00A6B6B3 /* PipeableXCTestCase.swift */,
				A40EAC6B2B6BD0A100A6B6B3 /* PipeablePage_GotoTests.swift */,
				A40BE09A2B84B59F00906441 /* PipeablePage_WaitForURLTests.swift */,
				A41D866E2B73D47400F24064 /* PipeableElement_ClickTests.swift */,
				E81BD5B32B6D4963007DFC02 /* PageScript_GotoTests.swift */,
				A49B0A802B725F86005C1105 /* PageScript_QuerySelectorTests.swift */,
			);
			path = PipeableTests;
			sourceTree = "<group>";
		};
		A4E25B402B6698E400F3DFDE /* PipeableSDK */ = {
			isa = PBXGroup;
			children = (
				A4A4FE252B62A3280094C7D0 /* Resources */,
				A43DC5892B7277C100D0670B /* PipeableElement.swift */,
				A4A7A9252B56BD7500982E63 /* Pipeable.docc */,
				A434C6152B5964B300B8011C /* PipeablePage.swift */,
				E8AC39A12B615BC900D413BF /* Script */,
				A40BE0952B8393A800906441 /* PageLoadState.swift */,
				A4DF83B42B8CD0B3000EFCEA /* PipeablePageDelegate.swift */,
			);
			path = PipeableSDK;
			sourceTree = "<group>";
		};
		E8AC39A12B615BC900D413BF /* Script */ = {
			isa = PBXGroup;
			children = (
				E8AC39A42B615C1D00D413BF /* Script.swift */,
				A43DC2942B8CD780005E416D /* ScriptContext.swift */,
				E81BD5A92B6D4233007DFC02 /* BaseWrapper.swift */,
				E81BD5AD2B6D430A007DFC02 /* PageWrapper.swift */,
				E81BD5AF2B6D45B6007DFC02 /* ElementWrapper.swift */,
				E81BD5B52B6D5092007DFC02 /* Fakes.swift */,
				E8C2784E2B8E0D9100B8B176 /* SerializeToDictionary.swift */,
			);
			path = Script;
			sourceTree = "<group>";
		};
/* End PBXGroup section */

/* Begin PBXHeadersBuildPhase section */
		A4A7A91C2B56BD7500982E63 /* Headers */ = {
			isa = PBXHeadersBuildPhase;
			buildActionMask = 2147483647;
			files = (
				A4A7A9322B56BD7500982E63 /* Pipeable.h in Headers */,
			);
			runOnlyForDeploymentPostprocessing = 0;
		};
/* End PBXHeadersBuildPhase section */

/* Begin PBXNativeTarget section */
		A4A7A9202B56BD7500982E63 /* PipeableSDK */ = {
			isa = PBXNativeTarget;
			buildConfigurationList = A4A7A9352B56BD7500982E63 /* Build configuration list for PBXNativeTarget "PipeableSDK" */;
			buildPhases = (
				A45D76742B596CE20046DACF /* Linter */,
				A45BE4F42B626AF5008D070B /* Build JS */,
				A4A7A91C2B56BD7500982E63 /* Headers */,
				A4A7A91D2B56BD7500982E63 /* Sources */,
				A4A7A91E2B56BD7500982E63 /* Frameworks */,
				A4A7A91F2B56BD7500982E63 /* Resources */,
			);
			buildRules = (
			);
			dependencies = (
			);
			name = PipeableSDK;
			productName = Pipeable;
			productReference = A4A7A9212B56BD7500982E63 /* PipeableSDK.framework */;
			productType = "com.apple.product-type.framework";
		};
		A4A7A92A2B56BD7500982E63 /* PipeableSDKTests */ = {
			isa = PBXNativeTarget;
			buildConfigurationList = A4A7A9382B56BD7500982E63 /* Build configuration list for PBXNativeTarget "PipeableSDKTests" */;
			buildPhases = (
				A4A7A9272B56BD7500982E63 /* Sources */,
				A4A7A9282B56BD7500982E63 /* Frameworks */,
				A4A7A9292B56BD7500982E63 /* Resources */,
			);
			buildRules = (
			);
			dependencies = (
				A4A7A92E2B56BD7500982E63 /* PBXTargetDependency */,
			);
			name = PipeableSDKTests;
			productName = PipeableTests;
			productReference = A4A7A92B2B56BD7500982E63 /* PipeableSDKTests.xctest */;
			productType = "com.apple.product-type.bundle.unit-test";
		};
/* End PBXNativeTarget section */

/* Begin PBXProject section */
		A4A7A9182B56BD7500982E63 /* Project object */ = {
			isa = PBXProject;
			attributes = {
				BuildIndependentTargetsInParallel = 1;
				LastSwiftUpdateCheck = 1520;
				LastUpgradeCheck = 1520;
				TargetAttributes = {
					A4A7A9202B56BD7500982E63 = {
						CreatedOnToolsVersion = 15.2;
					};
					A4A7A92A2B56BD7500982E63 = {
						CreatedOnToolsVersion = 15.2;
					};
				};
			};
			buildConfigurationList = A4A7A91B2B56BD7500982E63 /* Build configuration list for PBXProject "PipeableSDK" */;
			compatibilityVersion = "Xcode 14.0";
			developmentRegion = en;
			hasScannedForEncodings = 0;
			knownRegions = (
				en,
				Base,
			);
			mainGroup = A4A7A9172B56BD7500982E63;
			productRefGroup = A4A7A9222B56BD7500982E63 /* Products */;
			projectDirPath = "";
			projectRoot = "";
			targets = (
				A4A7A9202B56BD7500982E63 /* PipeableSDK */,
				A4A7A92A2B56BD7500982E63 /* PipeableSDKTests */,
			);
		};
/* End PBXProject section */

/* Begin PBXResourcesBuildPhase section */
		A4A7A91F2B56BD7500982E63 /* Resources */ = {
			isa = PBXResourcesBuildPhase;
			buildActionMask = 2147483647;
			files = (
				A4C365FC2B62A3C5000D3F50 /* sophia.js in Resources */,
			);
			runOnlyForDeploymentPostprocessing = 0;
		};
		A4A7A9292B56BD7500982E63 /* Resources */ = {
			isa = PBXResourcesBuildPhase;
			buildActionMask = 2147483647;
			files = (
			);
			runOnlyForDeploymentPostprocessing = 0;
		};
/* End PBXResourcesBuildPhase section */

/* Begin PBXShellScriptBuildPhase section */
		A45BE4F42B626AF5008D070B /* Build JS */ = {
			isa = PBXShellScriptBuildPhase;
			alwaysOutOfDate = 1;
			buildActionMask = 2147483647;
			files = (
			);
			inputFileListPaths = (
			);
			inputPaths = (
			);
			name = "Build JS";
			outputFileListPaths = (
			);
			outputPaths = (
			);
			runOnlyForDeploymentPostprocessing = 0;
			shellPath = /bin/sh;
			shellScript = "[ -e ~/.profile ] && source ~/.profile\n\ncd Sources/sophiajs\nnpm run build\n";
			showEnvVarsInLog = 0;
		};
		A45D76742B596CE20046DACF /* Linter */ = {
			isa = PBXShellScriptBuildPhase;
			alwaysOutOfDate = 1;
			buildActionMask = 2147483647;
			files = (
			);
			inputFileListPaths = (
			);
			inputPaths = (
			);
			name = Linter;
			outputFileListPaths = (
			);
			outputPaths = (
			);
			runOnlyForDeploymentPostprocessing = 0;
			shellPath = /bin/zsh;
			shellScript = "if [[ \"$(uname -m)\" == arm64 ]]; then\n    export PATH=\"/opt/homebrew/bin:$PATH\"\nfi\n\nif which swiftlint > /dev/null; then\n  swiftlint\nelse\n  echo \"warning: SwiftLint not installed, download from https://github.com/realm/SwiftLint\"\nfi\n";
		};
/* End PBXShellScriptBuildPhase section */

/* Begin PBXSourcesBuildPhase section */
		A4A7A91D2B56BD7500982E63 /* Sources */ = {
			isa = PBXSourcesBuildPhase;
			buildActionMask = 2147483647;
			files = (
				A43DC58A2B7277C100D0670B /* PipeableElement.swift in Sources */,
				E81BD5B62B6D5092007DFC02 /* Fakes.swift in Sources */,
				A4DF83B52B8CD0B3000EFCEA /* PipeablePageDelegate.swift in Sources */,
				E81BD5AA2B6D4233007DFC02 /* BaseWrapper.swift in Sources */,
				A43DC2952B8CD780005E416D /* ScriptContext.swift in Sources */,
				A4A7A9262B56BD7500982E63 /* Pipeable.docc in Sources */,
				E8AC39A52B615C1D00D413BF /* Script.swift in Sources */,
				A40BE0962B8393A800906441 /* PageLoadState.swift in Sources */,
				E81BD5AE2B6D430A007DFC02 /* PageWrapper.swift in Sources */,
				E81BD5B02B6D45B6007DFC02 /* ElementWrapper.swift in Sources */,
				A434C6162B5964B300B8011C /* PipeablePage.swift in Sources */,
				E8C2784F2B8E0D9100B8B176 /* SerializeToDictionary.swift in Sources */,
			);
			runOnlyForDeploymentPostprocessing = 0;
		};
		A4A7A9272B56BD7500982E63 /* Sources */ = {
			isa = PBXSourcesBuildPhase;
			buildActionMask = 2147483647;
			files = (
				A40EAC692B6BC88B00A6B6B3 /* PipeableXCTestCase.swift in Sources */,
				A49B0A812B725F86005C1105 /* PageScript_QuerySelectorTests.swift in Sources */,
				A41D866F2B73D47400F24064 /* PipeableElement_ClickTests.swift in Sources */,
				A40EAC6C2B6BD0A100A6B6B3 /* PipeablePage_GotoTests.swift in Sources */,
				A40BE09B2B84B59F00906441 /* PipeablePage_WaitForURLTests.swift in Sources */,
				A40BE0992B83946800906441 /* PageLoadStateTests.swift in Sources */,
				E8F7B28E2B639E160040B77B /* ScriptTests.swift in Sources */,
				E81BD5B42B6D4963007DFC02 /* PageScript_GotoTests.swift in Sources */,
				A4A7A9312B56BD7500982E63 /* PipeableTests.swift in Sources */,
			);
			runOnlyForDeploymentPostprocessing = 0;
		};
/* End PBXSourcesBuildPhase section */

/* Begin PBXTargetDependency section */
		A4A7A92E2B56BD7500982E63 /* PBXTargetDependency */ = {
			isa = PBXTargetDependency;
			target = A4A7A9202B56BD7500982E63 /* PipeableSDK */;
			targetProxy = A4A7A92D2B56BD7500982E63 /* PBXContainerItemProxy */;
		};
/* End PBXTargetDependency section */

/* Begin XCBuildConfiguration section */
		A4A7A9332B56BD7500982E63 /* Debug */ = {
			isa = XCBuildConfiguration;
			buildSettings = {
				ALWAYS_SEARCH_USER_PATHS = NO;
				ASSETCATALOG_COMPILER_GENERATE_SWIFT_ASSET_SYMBOL_EXTENSIONS = YES;
				CLANG_ANALYZER_NONNULL = YES;
				CLANG_ANALYZER_NUMBER_OBJECT_CONVERSION = YES_AGGRESSIVE;
				CLANG_CXX_LANGUAGE_STANDARD = "gnu++20";
				CLANG_ENABLE_MODULES = YES;
				CLANG_ENABLE_OBJC_ARC = YES;
				CLANG_ENABLE_OBJC_WEAK = YES;
				CLANG_WARN_BLOCK_CAPTURE_AUTORELEASING = YES;
				CLANG_WARN_BOOL_CONVERSION = YES;
				CLANG_WARN_COMMA = YES;
				CLANG_WARN_CONSTANT_CONVERSION = YES;
				CLANG_WARN_DEPRECATED_OBJC_IMPLEMENTATIONS = YES;
				CLANG_WARN_DIRECT_OBJC_ISA_USAGE = YES_ERROR;
				CLANG_WARN_DOCUMENTATION_COMMENTS = YES;
				CLANG_WARN_EMPTY_BODY = YES;
				CLANG_WARN_ENUM_CONVERSION = YES;
				CLANG_WARN_INFINITE_RECURSION = YES;
				CLANG_WARN_INT_CONVERSION = YES;
				CLANG_WARN_NON_LITERAL_NULL_CONVERSION = YES;
				CLANG_WARN_OBJC_IMPLICIT_RETAIN_SELF = YES;
				CLANG_WARN_OBJC_LITERAL_CONVERSION = YES;
				CLANG_WARN_OBJC_ROOT_CLASS = YES_ERROR;
				CLANG_WARN_QUOTED_INCLUDE_IN_FRAMEWORK_HEADER = YES;
				CLANG_WARN_RANGE_LOOP_ANALYSIS = YES;
				CLANG_WARN_STRICT_PROTOTYPES = YES;
				CLANG_WARN_SUSPICIOUS_MOVE = YES;
				CLANG_WARN_UNGUARDED_AVAILABILITY = YES_AGGRESSIVE;
				CLANG_WARN_UNREACHABLE_CODE = YES;
				CLANG_WARN__DUPLICATE_METHOD_MATCH = YES;
				COPY_PHASE_STRIP = NO;
				CURRENT_PROJECT_VERSION = 1;
				DEBUG_INFORMATION_FORMAT = dwarf;
				ENABLE_STRICT_OBJC_MSGSEND = YES;
				ENABLE_TESTABILITY = YES;
				ENABLE_USER_SCRIPT_SANDBOXING = YES;
				GCC_C_LANGUAGE_STANDARD = gnu17;
				GCC_DYNAMIC_NO_PIC = NO;
				GCC_NO_COMMON_BLOCKS = YES;
				GCC_OPTIMIZATION_LEVEL = 0;
				GCC_PREPROCESSOR_DEFINITIONS = (
					"DEBUG=1",
					"$(inherited)",
				);
				GCC_WARN_64_TO_32_BIT_CONVERSION = YES;
				GCC_WARN_ABOUT_RETURN_TYPE = YES_ERROR;
				GCC_WARN_UNDECLARED_SELECTOR = YES;
				GCC_WARN_UNINITIALIZED_AUTOS = YES_AGGRESSIVE;
				GCC_WARN_UNUSED_FUNCTION = YES;
				GCC_WARN_UNUSED_VARIABLE = YES;
				IPHONEOS_DEPLOYMENT_TARGET = 17.2;
				LOCALIZATION_PREFERS_STRING_CATALOGS = YES;
				MTL_ENABLE_DEBUG_INFO = INCLUDE_SOURCE;
				MTL_FAST_MATH = YES;
				ONLY_ACTIVE_ARCH = YES;
				SDKROOT = iphoneos;
				SWIFT_ACTIVE_COMPILATION_CONDITIONS = "DEBUG $(inherited)";
				SWIFT_OPTIMIZATION_LEVEL = "-Onone";
				VERSIONING_SYSTEM = "apple-generic";
				VERSION_INFO_PREFIX = "";
			};
			name = Debug;
		};
		A4A7A9342B56BD7500982E63 /* Release */ = {
			isa = XCBuildConfiguration;
			buildSettings = {
				ALWAYS_SEARCH_USER_PATHS = NO;
				ASSETCATALOG_COMPILER_GENERATE_SWIFT_ASSET_SYMBOL_EXTENSIONS = YES;
				CLANG_ANALYZER_NONNULL = YES;
				CLANG_ANALYZER_NUMBER_OBJECT_CONVERSION = YES_AGGRESSIVE;
				CLANG_CXX_LANGUAGE_STANDARD = "gnu++20";
				CLANG_ENABLE_MODULES = YES;
				CLANG_ENABLE_OBJC_ARC = YES;
				CLANG_ENABLE_OBJC_WEAK = YES;
				CLANG_WARN_BLOCK_CAPTURE_AUTORELEASING = YES;
				CLANG_WARN_BOOL_CONVERSION = YES;
				CLANG_WARN_COMMA = YES;
				CLANG_WARN_CONSTANT_CONVERSION = YES;
				CLANG_WARN_DEPRECATED_OBJC_IMPLEMENTATIONS = YES;
				CLANG_WARN_DIRECT_OBJC_ISA_USAGE = YES_ERROR;
				CLANG_WARN_DOCUMENTATION_COMMENTS = YES;
				CLANG_WARN_EMPTY_BODY = YES;
				CLANG_WARN_ENUM_CONVERSION = YES;
				CLANG_WARN_INFINITE_RECURSION = YES;
				CLANG_WARN_INT_CONVERSION = YES;
				CLANG_WARN_NON_LITERAL_NULL_CONVERSION = YES;
				CLANG_WARN_OBJC_IMPLICIT_RETAIN_SELF = YES;
				CLANG_WARN_OBJC_LITERAL_CONVERSION = YES;
				CLANG_WARN_OBJC_ROOT_CLASS = YES_ERROR;
				CLANG_WARN_QUOTED_INCLUDE_IN_FRAMEWORK_HEADER = YES;
				CLANG_WARN_RANGE_LOOP_ANALYSIS = YES;
				CLANG_WARN_STRICT_PROTOTYPES = YES;
				CLANG_WARN_SUSPICIOUS_MOVE = YES;
				CLANG_WARN_UNGUARDED_AVAILABILITY = YES_AGGRESSIVE;
				CLANG_WARN_UNREACHABLE_CODE = YES;
				CLANG_WARN__DUPLICATE_METHOD_MATCH = YES;
				COPY_PHASE_STRIP = NO;
				CURRENT_PROJECT_VERSION = 1;
				DEBUG_INFORMATION_FORMAT = "dwarf-with-dsym";
				ENABLE_NS_ASSERTIONS = NO;
				ENABLE_STRICT_OBJC_MSGSEND = YES;
				ENABLE_USER_SCRIPT_SANDBOXING = YES;
				GCC_C_LANGUAGE_STANDARD = gnu17;
				GCC_NO_COMMON_BLOCKS = YES;
				GCC_WARN_64_TO_32_BIT_CONVERSION = YES;
				GCC_WARN_ABOUT_RETURN_TYPE = YES_ERROR;
				GCC_WARN_UNDECLARED_SELECTOR = YES;
				GCC_WARN_UNINITIALIZED_AUTOS = YES_AGGRESSIVE;
				GCC_WARN_UNUSED_FUNCTION = YES;
				GCC_WARN_UNUSED_VARIABLE = YES;
				IPHONEOS_DEPLOYMENT_TARGET = 17.2;
				LOCALIZATION_PREFERS_STRING_CATALOGS = YES;
				MTL_ENABLE_DEBUG_INFO = NO;
				MTL_FAST_MATH = YES;
				SDKROOT = iphoneos;
				SWIFT_COMPILATION_MODE = wholemodule;
				VALIDATE_PRODUCT = YES;
				VERSIONING_SYSTEM = "apple-generic";
				VERSION_INFO_PREFIX = "";
			};
			name = Release;
		};
		A4A7A9362B56BD7500982E63 /* Debug */ = {
			isa = XCBuildConfiguration;
			buildSettings = {
				CODE_SIGN_IDENTITY = "Apple Development";
				CODE_SIGN_STYLE = Automatic;
				CURRENT_PROJECT_VERSION = 1;
				DEFINES_MODULE = YES;
				DEVELOPMENT_TEAM = "";
				DYLIB_COMPATIBILITY_VERSION = 1;
				DYLIB_CURRENT_VERSION = 1;
				DYLIB_INSTALL_NAME_BASE = "@rpath";
				ENABLE_MODULE_VERIFIER = YES;
				ENABLE_USER_SCRIPT_SANDBOXING = NO;
				GENERATE_INFOPLIST_FILE = YES;
				INFOPLIST_FILE = Framework/Info.plist;
				INFOPLIST_KEY_LSApplicationCategoryType = "";
				INFOPLIST_KEY_NSHumanReadableCopyright = "";
				INSTALL_PATH = "$(LOCAL_LIBRARY_DIR)/Frameworks";
				IPHONEOS_DEPLOYMENT_TARGET = 15.0;
				LD_RUNPATH_SEARCH_PATHS = (
					"$(inherited)",
					"@executable_path/Frameworks",
					"@loader_path/Frameworks",
				);
				MARKETING_VERSION = 1.0;
				MODULE_VERIFIER_SUPPORTED_LANGUAGES = "objective-c objective-c++";
				MODULE_VERIFIER_SUPPORTED_LANGUAGE_STANDARDS = "gnu17 gnu++20";
				PRODUCT_BUNDLE_IDENTIFIER = com.pipeable.pipeable.Pipeable;
				PRODUCT_NAME = "$(TARGET_NAME:c99extidentifier)";
				PROVISIONING_PROFILE_SPECIFIER = "";
				SKIP_INSTALL = YES;
				SUPPORTS_MACCATALYST = NO;
				SWIFT_EMIT_LOC_STRINGS = YES;
				SWIFT_VERSION = 5.0;
				TARGETED_DEVICE_FAMILY = "1,2";
			};
			name = Debug;
		};
		A4A7A9372B56BD7500982E63 /* Release */ = {
			isa = XCBuildConfiguration;
			buildSettings = {
				CODE_SIGN_IDENTITY = "Apple Development";
				CODE_SIGN_STYLE = Automatic;
				CURRENT_PROJECT_VERSION = 1;
				DEFINES_MODULE = YES;
				DEVELOPMENT_TEAM = "";
				DYLIB_COMPATIBILITY_VERSION = 1;
				DYLIB_CURRENT_VERSION = 1;
				DYLIB_INSTALL_NAME_BASE = "@rpath";
				ENABLE_MODULE_VERIFIER = YES;
				ENABLE_USER_SCRIPT_SANDBOXING = NO;
				GENERATE_INFOPLIST_FILE = YES;
				INFOPLIST_FILE = Framework/Info.plist;
				INFOPLIST_KEY_LSApplicationCategoryType = "";
				INFOPLIST_KEY_NSHumanReadableCopyright = "";
				INSTALL_PATH = "$(LOCAL_LIBRARY_DIR)/Frameworks";
				IPHONEOS_DEPLOYMENT_TARGET = 15.0;
				LD_RUNPATH_SEARCH_PATHS = (
					"$(inherited)",
					"@executable_path/Frameworks",
					"@loader_path/Frameworks",
				);
				MARKETING_VERSION = 1.0;
				MODULE_VERIFIER_SUPPORTED_LANGUAGES = "objective-c objective-c++";
				MODULE_VERIFIER_SUPPORTED_LANGUAGE_STANDARDS = "gnu17 gnu++20";
				PRODUCT_BUNDLE_IDENTIFIER = com.pipeable.pipeable.Pipeable;
				PRODUCT_NAME = "$(TARGET_NAME:c99extidentifier)";
				PROVISIONING_PROFILE_SPECIFIER = "";
				SKIP_INSTALL = YES;
				SUPPORTS_MACCATALYST = NO;
				SWIFT_EMIT_LOC_STRINGS = YES;
				SWIFT_VERSION = 5.0;
				TARGETED_DEVICE_FAMILY = "1,2";
			};
			name = Release;
		};
		A4A7A9392B56BD7500982E63 /* Debug */ = {
			isa = XCBuildConfiguration;
			buildSettings = {
				CODE_SIGN_IDENTITY = "Apple Development";
				CODE_SIGN_STYLE = Automatic;
				CURRENT_PROJECT_VERSION = 1;
				DEVELOPMENT_TEAM = "";
				GENERATE_INFOPLIST_FILE = YES;
				IPHONEOS_DEPLOYMENT_TARGET = 15.0;
				MARKETING_VERSION = 1.0;
				PRODUCT_BUNDLE_IDENTIFIER = com.pipeable.pipeable.PipeableTests;
				PRODUCT_NAME = "$(TARGET_NAME)";
				PROVISIONING_PROFILE_SPECIFIER = "";
				SUPPORTS_MACCATALYST = NO;
				SWIFT_EMIT_LOC_STRINGS = NO;
				SWIFT_VERSION = 5.0;
				TARGETED_DEVICE_FAMILY = "1,2";
			};
			name = Debug;
		};
		A4A7A93A2B56BD7500982E63 /* Release */ = {
			isa = XCBuildConfiguration;
			buildSettings = {
				CODE_SIGN_IDENTITY = "Apple Development";
				CODE_SIGN_STYLE = Automatic;
				CURRENT_PROJECT_VERSION = 1;
				DEVELOPMENT_TEAM = "";
				GENERATE_INFOPLIST_FILE = YES;
				IPHONEOS_DEPLOYMENT_TARGET = 15.0;
				MARKETING_VERSION = 1.0;
				PRODUCT_BUNDLE_IDENTIFIER = com.pipeable.pipeable.PipeableTests;
				PRODUCT_NAME = "$(TARGET_NAME)";
				PROVISIONING_PROFILE_SPECIFIER = "";
				SUPPORTS_MACCATALYST = NO;
				SWIFT_EMIT_LOC_STRINGS = NO;
				SWIFT_VERSION = 5.0;
				TARGETED_DEVICE_FAMILY = "1,2";
			};
			name = Release;
		};
/* End XCBuildConfiguration section */

/* Begin XCConfigurationList section */
		A4A7A91B2B56BD7500982E63 /* Build configuration list for PBXProject "PipeableSDK" */ = {
			isa = XCConfigurationList;
			buildConfigurations = (
				A4A7A9332B56BD7500982E63 /* Debug */,
				A4A7A9342B56BD7500982E63 /* Release */,
			);
			defaultConfigurationIsVisible = 0;
			defaultConfigurationName = Release;
		};
		A4A7A9352B56BD7500982E63 /* Build configuration list for PBXNativeTarget "PipeableSDK" */ = {
			isa = XCConfigurationList;
			buildConfigurations = (
				A4A7A9362B56BD7500982E63 /* Debug */,
				A4A7A9372B56BD7500982E63 /* Release */,
			);
			defaultConfigurationIsVisible = 0;
			defaultConfigurationName = Release;
		};
		A4A7A9382B56BD7500982E63 /* Build configuration list for PBXNativeTarget "PipeableSDKTests" */ = {
			isa = XCConfigurationList;
			buildConfigurations = (
				A4A7A9392B56BD7500982E63 /* Debug */,
				A4A7A93A2B56BD7500982E63 /* Release */,
			);
			defaultConfigurationIsVisible = 0;
			defaultConfigurationName = Release;
		};
/* End XCConfigurationList section */
	};
	rootObject = A4A7A9182B56BD7500982E63 /* Project object */;
}
